
Microsoft Visual Studio Solution File, Format Version 12.00
# Visual Studio Version 17
VisualStudioVersion = 17.13.35931.197 d17.13
MinimumVisualStudioVersion = 10.0.40219.1
Project("{FAE04EC0-301F-11D3-BF4B-00C04F79EFBC}") = "ООП_ЛР4_приклад2", "ООП_ЛР4_приклад2.csproj", "{CAB58AC4-DDC8-421F-85BF-C2C4B85766E1}"
EndProject
Global
	GlobalSection(SolutionConfigurationPlatforms) = preSolution
		Debug|Any CPU = Debug|Any CPU
		Release|Any CPU = Release|Any CPU
	EndGlobalSection
	GlobalSection(ProjectConfigurationPlatforms) = postSolution
		{CAB58AC4-DDC8-421F-85BF-C2C4B85766E1}.Debug|Any CPU.ActiveCfg = Debug|Any CPU
		{CAB58AC4-DDC8-421F-85BF-C2C4B85766E1}.Debug|Any CPU.Build.0 = Debug|Any CPU
		{CAB58AC4-DDC8-421F-85BF-C2C4B85766E1}.Release|Any CPU.ActiveCfg = Release|Any CPU
		{CAB58AC4-DDC8-421F-85BF-C2C4B85766E1}.Release|Any CPU.Build.0 = Release|Any CPU
	EndGlobalSection
	GlobalSection(SolutionProperties) = preSolution
		HideSolutionNode = FALSE
	EndGlobalSection
	GlobalSection(ExtensibilityGlobals) = postSolution
		SolutionGuid = {9FFF7FE3-53E3-41B7-A66F-72D50BFB9DCB}
	EndGlobalSection
EndGlobal
