
Microsoft Visual Studio Solution File, Format Version 12.00
# Visual Studio Version 17
VisualStudioVersion = 17.13.35931.197 d17.13
MinimumVisualStudioVersion = 10.0.40219.1
Project("{FAE04EC0-301F-11D3-BF4B-00C04F79EFBC}") = "ООП_ПР4_завдання", "ООП_ПР4_завдання.csproj", "{9C87855C-7E4B-49FB-BCCC-B6747234D339}"
EndProject
Global
	GlobalSection(SolutionConfigurationPlatforms) = preSolution
		Debug|Any CPU = Debug|Any CPU
		Release|Any CPU = Release|Any CPU
	EndGlobalSection
	GlobalSection(ProjectConfigurationPlatforms) = postSolution
		{9C87855C-7E4B-49FB-BCCC-B6747234D339}.Debug|Any CPU.ActiveCfg = Debug|Any CPU
		{9C87855C-7E4B-49FB-BCCC-B6747234D339}.Debug|Any CPU.Build.0 = Debug|Any CPU
		{9C87855C-7E4B-49FB-BCCC-B6747234D339}.Release|Any CPU.ActiveCfg = Release|Any CPU
		{9C87855C-7E4B-49FB-BCCC-B6747234D339}.Release|Any CPU.Build.0 = Release|Any CPU
	EndGlobalSection
	GlobalSection(SolutionProperties) = preSolution
		HideSolutionNode = FALSE
	EndGlobalSection
	GlobalSection(ExtensibilityGlobals) = postSolution
		SolutionGuid = {0EB50FB6-B53D-4BA7-8C22-AC1F855C8A37}
	EndGlobalSection
EndGlobal
